
Microsoft Visual Studio Solution File, Format Version 12.00
# Visual Studio Version 17
VisualStudioVersion = 17.14.36202.13 d17.14
MinimumVisualStudioVersion = 10.0.40219.1
Project("{FAE04EC0-301F-11D3-BF4B-00C04F79EFBC}") = "DDUP", "DDUP.csproj", "{0D935D87-2290-4A90-B6DD-B47279BFDCCB}"
EndProject
Global
	GlobalSection(SolutionConfigurationPlatforms) = preSolution
		Debug|Any CPU = Debug|Any CPU
		Release|Any CPU = Release|Any CPU
	EndGlobalSection
	GlobalSection(ProjectConfigurationPlatforms) = postSolution
		{0D935D87-2290-4A90-B6DD-B47279BFDCCB}.Debug|Any CPU.ActiveCfg = Debug|Any CPU
		{0D935D87-2290-4A90-B6DD-B47279BFDCCB}.Debug|Any CPU.Build.0 = Debug|Any CPU
		{0D935D87-2290-4A90-B6DD-B47279BFDCCB}.Release|Any CPU.ActiveCfg = Release|Any CPU
		{0D935D87-2290-4A90-B6DD-B47279BFDCCB}.Release|Any CPU.Build.0 = Release|Any CPU
	EndGlobalSection
	GlobalSection(SolutionProperties) = preSolution
		HideSolutionNode = FALSE
	EndGlobalSection
	GlobalSection(ExtensibilityGlobals) = postSolution
		SolutionGuid = {DE4603AF-7E52-4D57-BAAA-2A7AAFDC2E56}
	EndGlobalSection
EndGlobal
